
Microsoft Visual Studio Solution File, Format Version 12.00
# Visual Studio Version 17
VisualStudioVersion = 17.0.31912.275
MinimumVisualStudioVersion = 10.0.40219.1
Project("{FAE04EC0-301F-11D3-BF4B-00C04F79EFBC}") = "LeapYearKata", "LeapYearKata\LeapYearKata.csproj", "{B37C01B5-2498-4332-A7C9-6C6D9910B793}"
EndProject
Project("{FAE04EC0-301F-11D3-BF4B-00C04F79EFBC}") = "LeapYearKata.Tests", "LeapYearKata.Tests\LeapYearKata.Tests.csproj", "{9047F4AE-78BC-4686-A8D2-FBB05838B1B6}"
EndProject
Global
	GlobalSection(SolutionConfigurationPlatforms) = preSolution
		Debug|Any CPU = Debug|Any CPU
		Release|Any CPU = Release|Any CPU
	EndGlobalSection
	GlobalSection(ProjectConfigurationPlatforms) = postSolution
		{B37C01B5-2498-4332-A7C9-6C6D9910B793}.Debug|Any CPU.ActiveCfg = Debug|Any CPU
		{B37C01B5-2498-4332-A7C9-6C6D9910B793}.Debug|Any CPU.Build.0 = Debug|Any CPU
		{B37C01B5-2498-4332-A7C9-6C6D9910B793}.Release|Any CPU.ActiveCfg = Release|Any CPU
		{B37C01B5-2498-4332-A7C9-6C6D9910B793}.Release|Any CPU.Build.0 = Release|Any CPU
		{9047F4AE-78BC-4686-A8D2-FBB05838B1B6}.Debug|Any CPU.ActiveCfg = Debug|Any CPU
		{9047F4AE-78BC-4686-A8D2-FBB05838B1B6}.Debug|Any CPU.Build.0 = Debug|Any CPU
		{9047F4AE-78BC-4686-A8D2-FBB05838B1B6}.Release|Any CPU.ActiveCfg = Release|Any CPU
		{9047F4AE-78BC-4686-A8D2-FBB05838B1B6}.Release|Any CPU.Build.0 = Release|Any CPU
	EndGlobalSection
	GlobalSection(SolutionProperties) = preSolution
		HideSolutionNode = FALSE
	EndGlobalSection
	GlobalSection(ExtensibilityGlobals) = postSolution
		SolutionGuid = {00E17772-0C11-4CE6-882B-2E22268B9F9A}
	EndGlobalSection
EndGlobal
